
Microsoft Visual Studio Solution File, Format Version 12.00
# Visual Studio Version 17
VisualStudioVersion = 17.9.34622.214
MinimumVisualStudioVersion = 10.0.40219.1
Project("{FAE04EC0-301F-11D3-BF4B-00C04F79EFBC}") = "AutomationTestProject", "AutomationTestProject\AutomationTestProject.csproj", "{9F06B5D0-0B2A-47BB-881F-7F5C260CFA15}"
EndProject
Global
	GlobalSection(SolutionConfigurationPlatforms) = preSolution
		Debug|Any CPU = Debug|Any CPU
		Release|Any CPU = Release|Any CPU
	EndGlobalSection
	GlobalSection(ProjectConfigurationPlatforms) = postSolution
		{9F06B5D0-0B2A-47BB-881F-7F5C260CFA15}.Debug|Any CPU.ActiveCfg = Debug|Any CPU
		{9F06B5D0-0B2A-47BB-881F-7F5C260CFA15}.Debug|Any CPU.Build.0 = Debug|Any CPU
		{9F06B5D0-0B2A-47BB-881F-7F5C260CFA15}.Release|Any CPU.ActiveCfg = Release|Any CPU
		{9F06B5D0-0B2A-47BB-881F-7F5C260CFA15}.Release|Any CPU.Build.0 = Release|Any CPU
	EndGlobalSection
	GlobalSection(SolutionProperties) = preSolution
		HideSolutionNode = FALSE
	EndGlobalSection
	GlobalSection(ExtensibilityGlobals) = postSolution
		SolutionGuid = {6ED9A146-4D17-48B4-B2A7-50D8ED1A9AAA}
	EndGlobalSection
EndGlobal
